
Microsoft Visual Studio Solution File, Format Version 12.00
# Visual Studio Version 17
VisualStudioVersion = 17.8.34511.84
MinimumVisualStudioVersion = 10.0.40219.1
Project("{9A19103F-16F7-4668-BE54-9A1E7A4F7556}") = "BusinessController", "BusinessController\BusinessController.csproj", "{B4A1E54A-3D16-4E9A-8DB2-594DC6D99A24}"
EndProject
Project("{2150E333-8FDC-42A3-9474-1A3956D46DE8}") = "Bussiness", "Bussiness", "{65C0F4F3-93C3-4CC6-BB1A-FB788DDCB5DD}"
EndProject
Project("{2150E333-8FDC-42A3-9474-1A3956D46DE8}") = "Auth", "Auth", "{F1384E70-D141-46C5-87BF-8D373C5D30D9}"
EndProject
Project("{9A19103F-16F7-4668-BE54-9A1E7A4F7556}") = "AuthController", "AuthController\AuthController.csproj", "{08BC52B9-BA98-43D6-88FE-1DAF5440E72F}"
EndProject
Project("{9A19103F-16F7-4668-BE54-9A1E7A4F7556}") = "BusinessApplication", "BusinessApplication\BusinessApplication.csproj", "{2A09029E-1A48-4045-93D8-954814596669}"
EndProject
Project("{9A19103F-16F7-4668-BE54-9A1E7A4F7556}") = "BusinessRepo", "BusinessRepo\BusinessRepo.csproj", "{438C70CF-89C8-44AA-9318-A8AD2CB61869}"
EndProject
Project("{2150E333-8FDC-42A3-9474-1A3956D46DE8}") = "Share", "Share", "{0FF75B80-1474-4E8B-8568-00D20AD72955}"
EndProject
Project("{9A19103F-16F7-4668-BE54-9A1E7A4F7556}") = "Controller", "Controller\Controller.csproj", "{1952017B-6834-49D5-9716-FC2B0C8804AF}"
EndProject
Project("{9A19103F-16F7-4668-BE54-9A1E7A4F7556}") = "AuthAppication", "AuthAppication\AuthAppication.csproj", "{C2C2385E-5401-4C65-BC30-51E45CECF936}"
EndProject
Project("{9A19103F-16F7-4668-BE54-9A1E7A4F7556}") = "AuthRepo", "AuthRepo\AuthRepo.csproj", "{9CCE8557-F5F4-4B63-98F1-941C0FB07077}"
EndProject
Project("{9A19103F-16F7-4668-BE54-9A1E7A4F7556}") = "Application", "ApplicationNew\Application.csproj", "{AD8D7A78-5575-4B8C-B11C-0E600B8CB8A0}"
EndProject
Project("{9A19103F-16F7-4668-BE54-9A1E7A4F7556}") = "Repo", "RepoNew\Repo.csproj", "{D8872CAB-8ECF-4F50-89F5-8066B235D1EE}"
EndProject
Project("{FAE04EC0-301F-11D3-BF4B-00C04F79EFBC}") = "Utility", "Utility\Utility.csproj", "{BD4AD22C-CB9D-44CA-9C24-33B4A9DC1F04}"
EndProject
Global
	GlobalSection(SolutionConfigurationPlatforms) = preSolution
		Debug|Any CPU = Debug|Any CPU
		Release|Any CPU = Release|Any CPU
	EndGlobalSection
	GlobalSection(ProjectConfigurationPlatforms) = postSolution
		{B4A1E54A-3D16-4E9A-8DB2-594DC6D99A24}.Debug|Any CPU.ActiveCfg = Debug|Any CPU
		{B4A1E54A-3D16-4E9A-8DB2-594DC6D99A24}.Debug|Any CPU.Build.0 = Debug|Any CPU
		{B4A1E54A-3D16-4E9A-8DB2-594DC6D99A24}.Release|Any CPU.ActiveCfg = Release|Any CPU
		{B4A1E54A-3D16-4E9A-8DB2-594DC6D99A24}.Release|Any CPU.Build.0 = Release|Any CPU
		{08BC52B9-BA98-43D6-88FE-1DAF5440E72F}.Debug|Any CPU.ActiveCfg = Debug|Any CPU
		{08BC52B9-BA98-43D6-88FE-1DAF5440E72F}.Debug|Any CPU.Build.0 = Debug|Any CPU
		{08BC52B9-BA98-43D6-88FE-1DAF5440E72F}.Release|Any CPU.ActiveCfg = Release|Any CPU
		{08BC52B9-BA98-43D6-88FE-1DAF5440E72F}.Release|Any CPU.Build.0 = Release|Any CPU
		{2A09029E-1A48-4045-93D8-954814596669}.Debug|Any CPU.ActiveCfg = Debug|Any CPU
		{2A09029E-1A48-4045-93D8-954814596669}.Debug|Any CPU.Build.0 = Debug|Any CPU
		{2A09029E-1A48-4045-93D8-954814596669}.Release|Any CPU.ActiveCfg = Release|Any CPU
		{2A09029E-1A48-4045-93D8-954814596669}.Release|Any CPU.Build.0 = Release|Any CPU
		{438C70CF-89C8-44AA-9318-A8AD2CB61869}.Debug|Any CPU.ActiveCfg = Debug|Any CPU
		{438C70CF-89C8-44AA-9318-A8AD2CB61869}.Debug|Any CPU.Build.0 = Debug|Any CPU
		{438C70CF-89C8-44AA-9318-A8AD2CB61869}.Release|Any CPU.ActiveCfg = Release|Any CPU
		{438C70CF-89C8-44AA-9318-A8AD2CB61869}.Release|Any CPU.Build.0 = Release|Any CPU
		{1952017B-6834-49D5-9716-FC2B0C8804AF}.Debug|Any CPU.ActiveCfg = Debug|Any CPU
		{1952017B-6834-49D5-9716-FC2B0C8804AF}.Debug|Any CPU.Build.0 = Debug|Any CPU
		{1952017B-6834-49D5-9716-FC2B0C8804AF}.Release|Any CPU.ActiveCfg = Release|Any CPU
		{1952017B-6834-49D5-9716-FC2B0C8804AF}.Release|Any CPU.Build.0 = Release|Any CPU
		{C2C2385E-5401-4C65-BC30-51E45CECF936}.Debug|Any CPU.ActiveCfg = Debug|Any CPU
		{C2C2385E-5401-4C65-BC30-51E45CECF936}.Debug|Any CPU.Build.0 = Debug|Any CPU
		{C2C2385E-5401-4C65-BC30-51E45CECF936}.Release|Any CPU.ActiveCfg = Release|Any CPU
		{C2C2385E-5401-4C65-BC30-51E45CECF936}.Release|Any CPU.Build.0 = Release|Any CPU
		{9CCE8557-F5F4-4B63-98F1-941C0FB07077}.Debug|Any CPU.ActiveCfg = Debug|Any CPU
		{9CCE8557-F5F4-4B63-98F1-941C0FB07077}.Debug|Any CPU.Build.0 = Debug|Any CPU
		{9CCE8557-F5F4-4B63-98F1-941C0FB07077}.Release|Any CPU.ActiveCfg = Release|Any CPU
		{9CCE8557-F5F4-4B63-98F1-941C0FB07077}.Release|Any CPU.Build.0 = Release|Any CPU
		{AD8D7A78-5575-4B8C-B11C-0E600B8CB8A0}.Debug|Any CPU.ActiveCfg = Debug|Any CPU
		{AD8D7A78-5575-4B8C-B11C-0E600B8CB8A0}.Debug|Any CPU.Build.0 = Debug|Any CPU
		{AD8D7A78-5575-4B8C-B11C-0E600B8CB8A0}.Release|Any CPU.ActiveCfg = Release|Any CPU
		{AD8D7A78-5575-4B8C-B11C-0E600B8CB8A0}.Release|Any CPU.Build.0 = Release|Any CPU
		{D8872CAB-8ECF-4F50-89F5-8066B235D1EE}.Debug|Any CPU.ActiveCfg = Debug|Any CPU
		{D8872CAB-8ECF-4F50-89F5-8066B235D1EE}.Debug|Any CPU.Build.0 = Debug|Any CPU
		{D8872CAB-8ECF-4F50-89F5-8066B235D1EE}.Release|Any CPU.ActiveCfg = Release|Any CPU
		{D8872CAB-8ECF-4F50-89F5-8066B235D1EE}.Release|Any CPU.Build.0 = Release|Any CPU
		{BD4AD22C-CB9D-44CA-9C24-33B4A9DC1F04}.Debug|Any CPU.ActiveCfg = Debug|Any CPU
		{BD4AD22C-CB9D-44CA-9C24-33B4A9DC1F04}.Debug|Any CPU.Build.0 = Debug|Any CPU
		{BD4AD22C-CB9D-44CA-9C24-33B4A9DC1F04}.Release|Any CPU.ActiveCfg = Release|Any CPU
		{BD4AD22C-CB9D-44CA-9C24-33B4A9DC1F04}.Release|Any CPU.Build.0 = Release|Any CPU
	EndGlobalSection
	GlobalSection(SolutionProperties) = preSolution
		HideSolutionNode = FALSE
	EndGlobalSection
	GlobalSection(NestedProjects) = preSolution
		{B4A1E54A-3D16-4E9A-8DB2-594DC6D99A24} = {65C0F4F3-93C3-4CC6-BB1A-FB788DDCB5DD}
		{08BC52B9-BA98-43D6-88FE-1DAF5440E72F} = {F1384E70-D141-46C5-87BF-8D373C5D30D9}
		{2A09029E-1A48-4045-93D8-954814596669} = {65C0F4F3-93C3-4CC6-BB1A-FB788DDCB5DD}
		{438C70CF-89C8-44AA-9318-A8AD2CB61869} = {65C0F4F3-93C3-4CC6-BB1A-FB788DDCB5DD}
		{1952017B-6834-49D5-9716-FC2B0C8804AF} = {0FF75B80-1474-4E8B-8568-00D20AD72955}
		{C2C2385E-5401-4C65-BC30-51E45CECF936} = {F1384E70-D141-46C5-87BF-8D373C5D30D9}
		{9CCE8557-F5F4-4B63-98F1-941C0FB07077} = {F1384E70-D141-46C5-87BF-8D373C5D30D9}
		{AD8D7A78-5575-4B8C-B11C-0E600B8CB8A0} = {0FF75B80-1474-4E8B-8568-00D20AD72955}
		{D8872CAB-8ECF-4F50-89F5-8066B235D1EE} = {0FF75B80-1474-4E8B-8568-00D20AD72955}
		{BD4AD22C-CB9D-44CA-9C24-33B4A9DC1F04} = {0FF75B80-1474-4E8B-8568-00D20AD72955}
	EndGlobalSection
	GlobalSection(ExtensibilityGlobals) = postSolution
		SolutionGuid = {E01FC44A-BFC1-487E-9598-35C90F833E61}
	EndGlobalSection
EndGlobal
